
Microsoft Visual Studio Solution File, Format Version 12.00
# Visual Studio Version 16
VisualStudioVersion = 16.0.30309.148
MinimumVisualStudioVersion = 10.0.40219.1
Project("{FAE04EC0-301F-11D3-BF4B-00C04F79EFBC}") = "ProjetoTDD", "ProjetoTDD\ProjetoTDD.csproj", "{E76DF20E-0AA7-482F-82B3-458540092D19}"
EndProject
Global
	GlobalSection(SolutionConfigurationPlatforms) = preSolution
		Debug|Any CPU = Debug|Any CPU
		Release|Any CPU = Release|Any CPU
	EndGlobalSection
	GlobalSection(ProjectConfigurationPlatforms) = postSolution
		{E76DF20E-0AA7-482F-82B3-458540092D19}.Debug|Any CPU.ActiveCfg = Debug|Any CPU
		{E76DF20E-0AA7-482F-82B3-458540092D19}.Debug|Any CPU.Build.0 = Debug|Any CPU
		{E76DF20E-0AA7-482F-82B3-458540092D19}.Release|Any CPU.ActiveCfg = Release|Any CPU
		{E76DF20E-0AA7-482F-82B3-458540092D19}.Release|Any CPU.Build.0 = Release|Any CPU
	EndGlobalSection
	GlobalSection(SolutionProperties) = preSolution
		HideSolutionNode = FALSE
	EndGlobalSection
	GlobalSection(ExtensibilityGlobals) = postSolution
		SolutionGuid = {F8CD96A3-38E9-4C8F-9A08-9A479E7F058F}
	EndGlobalSection
EndGlobal
